
Microsoft Visual Studio Solution File, Format Version 12.00
# Visual Studio Version 17
VisualStudioVersion = 17.14.37614.0 d17.14
MinimumVisualStudioVersion = 10.0.40219.1
Project("{FAE04EC0-301F-11D3-BF4B-00C04F79EFBC}") = "WarehouseManager.App", "WarehouseManager\WarehouseManager.App.csproj", "{B7A3C300-2B38-42CB-8905-2B879C2121DB}"
EndProject
Project("{FAE04EC0-301F-11D3-BF4B-00C04F79EFBC}") = "WarehouseManager.Domain", "WarehouseManager.Domain\WarehouseManager.Domain.csproj", "{05BE25DE-0188-4858-8E1F-EF99498BCC34}"
EndProject
Project("{FAE04EC0-301F-11D3-BF4B-00C04F79EFBC}") = "WarehouseManager.Tests", "WarehouseManager.Tests\WarehouseManager.Tests.csproj", "{71350F67-9388-46FA-B518-F405EACECF72}"
EndProject
Global
	GlobalSection(SolutionConfigurationPlatforms) = preSolution
		Debug|Any CPU = Debug|Any CPU
		Release|Any CPU = Release|Any CPU
	EndGlobalSection
	GlobalSection(ProjectConfigurationPlatforms) = postSolution
		{B7A3C300-2B38-42CB-8905-2B879C2121DB}.Debug|Any CPU.ActiveCfg = Debug|Any CPU
		{B7A3C300-2B38-42CB-8905-2B879C2121DB}.Debug|Any CPU.Build.0 = Debug|Any CPU
		{B7A3C300-2B38-42CB-8905-2B879C2121DB}.Release|Any CPU.ActiveCfg = Release|Any CPU
		{B7A3C300-2B38-42CB-8905-2B879C2121DB}.Release|Any CPU.Build.0 = Release|Any CPU
		{05BE25DE-0188-4858-8E1F-EF99498BCC34}.Debug|Any CPU.ActiveCfg = Debug|Any CPU
		{05BE25DE-0188-4858-8E1F-EF99498BCC34}.Debug|Any CPU.Build.0 = Debug|Any CPU
		{05BE25DE-0188-4858-8E1F-EF99498BCC34}.Release|Any CPU.ActiveCfg = Release|Any CPU
		{05BE25DE-0188-4858-8E1F-EF99498BCC34}.Release|Any CPU.Build.0 = Release|Any CPU
		{71350F67-9388-46FA-B518-F405EACECF72}.Debug|Any CPU.ActiveCfg = Debug|Any CPU
		{71350F67-9388-46FA-B518-F405EACECF72}.Debug|Any CPU.Build.0 = Debug|Any CPU
		{71350F67-9388-46FA-B518-F405EACECF72}.Release|Any CPU.ActiveCfg = Release|Any CPU
		{71350F67-9388-46FA-B518-F405EACECF72}.Release|Any CPU.Build.0 = Release|Any CPU
	EndGlobalSection
	GlobalSection(SolutionProperties) = preSolution
		HideSolutionNode = FALSE
	EndGlobalSection
	GlobalSection(ExtensibilityGlobals) = postSolution
		SolutionGuid = {381E234B-B65A-40D3-A8CA-A180F6C4C3F6}
	EndGlobalSection
EndGlobal
